
Microsoft Visual Studio Solution File, Format Version 12.00
# Visual Studio Version 17
VisualStudioVersion = 17.8.34511.84
MinimumVisualStudioVersion = 10.0.40219.1
Project("{9A19103F-16F7-4668-BE54-9A1E7A4F7556}") = "Pitpm4", "Pitpm4\Pitpm4.csproj", "{C3F663D9-C3A4-4E4A-900A-C5352D161580}"
EndProject
Project("{FAE04EC0-301F-11D3-BF4B-00C04F79EFBC}") = "TestProject5", "TestProject5\TestProject5.csproj", "{3AB5CF2B-BD64-424B-B27A-D2FF477A3A8B}"
EndProject
Global
	GlobalSection(SolutionConfigurationPlatforms) = preSolution
		Debug|Any CPU = Debug|Any CPU
		Release|Any CPU = Release|Any CPU
	EndGlobalSection
	GlobalSection(ProjectConfigurationPlatforms) = postSolution
		{C3F663D9-C3A4-4E4A-900A-C5352D161580}.Debug|Any CPU.ActiveCfg = Debug|Any CPU
		{C3F663D9-C3A4-4E4A-900A-C5352D161580}.Debug|Any CPU.Build.0 = Debug|Any CPU
		{C3F663D9-C3A4-4E4A-900A-C5352D161580}.Release|Any CPU.ActiveCfg = Release|Any CPU
		{C3F663D9-C3A4-4E4A-900A-C5352D161580}.Release|Any CPU.Build.0 = Release|Any CPU
		{3AB5CF2B-BD64-424B-B27A-D2FF477A3A8B}.Debug|Any CPU.ActiveCfg = Debug|Any CPU
		{3AB5CF2B-BD64-424B-B27A-D2FF477A3A8B}.Debug|Any CPU.Build.0 = Debug|Any CPU
		{3AB5CF2B-BD64-424B-B27A-D2FF477A3A8B}.Release|Any CPU.ActiveCfg = Release|Any CPU
		{3AB5CF2B-BD64-424B-B27A-D2FF477A3A8B}.Release|Any CPU.Build.0 = Release|Any CPU
	EndGlobalSection
	GlobalSection(SolutionProperties) = preSolution
		HideSolutionNode = FALSE
	EndGlobalSection
	GlobalSection(ExtensibilityGlobals) = postSolution
		SolutionGuid = {85EBB315-8AEA-4B11-BA4E-6D097E6BE015}
	EndGlobalSection
EndGlobal
